// !$*UTF8*$!
{
	archiveVersion = 1;
	classes = {
	};
	objectVersion = 46;
	objects = {

/* Begin PBXBuildFile section */
		45EB864E1C4BF1FD00F18450 /* AppDelegate.swift in Sources */ = {isa = PBXBuildFile; fileRef = 45EB864D1C4BF1FD00F18450 /* AppDelegate.swift */; };
		45EB86501C4BF1FD00F18450 /* MasterViewController.swift in Sources */ = {isa = PBXBuildFile; fileRef = 45EB864F1C4BF1FD00F18450 /* MasterViewController.swift */; };
		45EB86521C4BF1FD00F18450 /* DetailViewController.swift in Sources */ = {isa = PBXBuildFile; fileRef = 45EB86511C4BF1FD00F18450 /* DetailViewController.swift */; };
		45EB86551C4BF1FD00F18450 /* Main.storyboard in Resources */ = {isa = PBXBuildFile; fileRef = 45EB86531C4BF1FD00F18450 /* Main.storyboard */; };
		45EB86571C4BF1FD00F18450 /* Assets.xcassets in Resources */ = {isa = PBXBuildFile; fileRef = 45EB86561C4BF1FD00F18450 /* Assets.xcassets */; };
		45EB865A1C4BF1FD00F18450 /* LaunchScreen.storyboard in Resources */ = {isa = PBXBuildFile; fileRef = 45EB86581C4BF1FD00F18450 /* LaunchScreen.storyboard */; };
		45EB86651C4BF1FD00F18450 /* Lobbying_SchoolTests.swift in Sources */ = {isa = PBXBuildFile; fileRef = 45EB86641C4BF1FD00F18450 /* Lobbying_SchoolTests.swift */; };
		45EB86701C4BF1FD00F18450 /* Lobbying_SchoolUITests.swift in Sources */ = {isa = PBXBuildFile; fileRef = 45EB866F1C4BF1FD00F18450 /* Lobbying_SchoolUITests.swift */; };
/* End PBXBuildFile section */

/* Begin PBXContainerItemProxy section */
		45EB86611C4BF1FD00F18450 /* PBXContainerItemProxy */ = {
			isa = PBXContainerItemProxy;
			containerPortal = 45EB86421C4BF1FD00F18450 /* Project object */;
			proxyType = 1;
			remoteGlobalIDString = 45EB86491C4BF1FD00F18450;
			remoteInfo = "Lobbying School";
		};
		45EB866C1C4BF1FD00F18450 /* PBXContainerItemProxy */ = {
			isa = PBXContainerItemProxy;
			containerPortal = 45EB86421C4BF1FD00F18450 /* Project object */;
			proxyType = 1;
			remoteGlobalIDString = 45EB86491C4BF1FD00F18450;
			remoteInfo = "Lobbying School";
		};
/* End PBXContainerItemProxy section */

/* Begin PBXFileReference section */
		45EB864A1C4BF1FD00F18450 /* Lobbying School.app */ = {isa = PBXFileReference; explicitFileType = wrapper.application; includeInIndex = 0; path = "Lobbying School.app"; sourceTree = BUILT_PRODUCTS_DIR; };
		45EB864D1C4BF1FD00F18450 /* AppDelegate.swift */ = {isa = PBXFileReference; lastKnownFileType = sourcecode.swift; path = AppDelegate.swift; sourceTree = "<group>"; };
		45EB864F1C4BF1FD00F18450 /* MasterViewController.swift */ = {isa = PBXFileReference; lastKnownFileType = sourcecode.swift; path = MasterViewController.swift; sourceTree = "<group>"; };
		45EB86511C4BF1FD00F18450 /* DetailViewController.swift */ = {isa = PBXFileReference; lastKnownFileType = sourcecode.swift; path = DetailViewController.swift; sourceTree = "<group>"; };
		45EB86541C4BF1FD00F18450 /* Base */ = {isa = PBXFileReference; lastKnownFileType = file.storyboard; name = Base; path = Base.lproj/Main.storyboard; sourceTree = "<group>"; };
		45EB86561C4BF1FD00F18450 /* Assets.xcassets */ = {isa = PBXFileReference; lastKnownFileType = folder.assetcatalog; path = Assets.xcassets; sourceTree = "<group>"; };
		45EB86591C4BF1FD00F18450 /* Base */ = {isa = PBXFileReference; lastKnownFileType = file.storyboard; name = Base; path = Base.lproj/LaunchScreen.storyboard; sourceTree = "<group>"; };
		45EB865B1C4BF1FD00F18450 /* Info.plist */ = {isa = PBXFileReference; lastKnownFileType = text.plist.xml; path = Info.plist; sourceTree = "<group>"; };
		45EB86601C4BF1FD00F18450 /* Lobbying SchoolTests.xctest */ = {isa = PBXFileReference; explicitFileType = wrapper.cfbundle; includeInIndex = 0; path = "Lobbying SchoolTests.xctest"; sourceTree = BUILT_PRODUCTS_DIR; };
		45EB86641C4BF1FD00F18450 /* Lobbying_SchoolTests.swift */ = {isa = PBXFileReference; lastKnownFileType = sourcecode.swift; path = Lobbying_SchoolTests.swift; sourceTree = "<group>"; };
		45EB86661C4BF1FD00F18450 /* Info.plist */ = {isa = PBXFileReference; lastKnownFileType = text.plist.xml; path = Info.plist; sourceTree = "<group>"; };
		45EB866B1C4BF1FD00F18450 /* Lobbying SchoolUITests.xctest */ = {isa = PBXFileReference; explicitFileType = wrapper.cfbundle; includeInIndex = 0; path = "Lobbying SchoolUITests.xctest"; sourceTree = BUILT_PRODUCTS_DIR; };
		45EB866F1C4BF1FD00F18450 /* Lobbying_SchoolUITests.swift */ = {isa = PBXFileReference; lastKnownFileType = sourcecode.swift; path = Lobbying_SchoolUITests.swift; sourceTree = "<group>"; };
		45EB86711C4BF1FD00F18450 /* Info.plist */ = {isa = PBXFileReference; lastKnownFileType = text.plist.xml; path = Info.plist; sourceTree = "<group>"; };
/* End PBXFileReference section */

/* Begin PBXFrameworksBuildPhase section */
		45EB86471C4BF1FD00F18450 /* Frameworks */ = {
			isa = PBXFrameworksBuildPhase;
			buildActionMask = 2147483647;
			files = (
			);
			runOnlyForDeploymentPostprocessing = 0;
		};
		45EB865D1C4BF1FD00F18450 /* Frameworks */ = {
			isa = PBXFrameworksBuildPhase;
			buildActionMask = 2147483647;
			files = (
			);
			runOnlyForDeploymentPostprocessing = 0;
		};
		45EB86681C4BF1FD00F18450 /* Frameworks */ = {
			isa = PBXFrameworksBuildPhase;
			buildActionMask = 2147483647;
			files = (
			);
			runOnlyForDeploymentPostprocessing = 0;
		};
/* End PBXFrameworksBuildPhase section */

/* Begin PBXGroup section */
		45EB86411C4BF1FD00F18450 = {
			isa = PBXGroup;
			children = (
				45EB864C1C4BF1FD00F18450 /* Lobbying School */,
				45EB86631C4BF1FD00F18450 /* Lobbying SchoolTests */,
				45EB866E1C4BF1FD00F18450 /* Lobbying SchoolUITests */,
				45EB864B1C4BF1FD00F18450 /* Products */,
			);
			sourceTree = "<group>";
		};
		45EB864B1C4BF1FD00F18450 /* Products */ = {
			isa = PBXGroup;
			children = (
				45EB864A1C4BF1FD00F18450 /* Lobbying School.app */,
				45EB86601C4BF1FD00F18450 /* Lobbying SchoolTests.xctest */,
				45EB866B1C4BF1FD00F18450 /* Lobbying SchoolUITests.xctest */,
			);
			name = Products;
			sourceTree = "<group>";
		};
		45EB864C1C4BF1FD00F18450 /* Lobbying School */ = {
			isa = PBXGroup;
			children = (
				45EB864D1C4BF1FD00F18450 /* AppDelegate.swift */,
				45EB864F1C4BF1FD00F18450 /* MasterViewController.swift */,
				45EB86511C4BF1FD00F18450 /* DetailViewController.swift */,
				45EB86531C4BF1FD00F18450 /* Main.storyboard */,
				45EB86561C4BF1FD00F18450 /* Assets.xcassets */,
				45EB86581C4BF1FD00F18450 /* LaunchScreen.storyboard */,
				45EB865B1C4BF1FD00F18450 /* Info.plist */,
			);
			path = "Lobbying School";
			sourceTree = "<group>";
		};
		45EB86631C4BF1FD00F18450 /* Lobbying SchoolTests */ = {
			isa = PBXGroup;
			children = (
				45EB86641C4BF1FD00F18450 /* Lobbying_SchoolTests.swift */,
				45EB86661C4BF1FD00F18450 /* Info.plist */,
			);
			path = "Lobbying SchoolTests";
			sourceTree = "<group>";
		};
		45EB866E1C4BF1FD00F18450 /* Lobbying SchoolUITests */ = {
			isa = PBXGroup;
			children = (
				45EB866F1C4BF1FD00F18450 /* Lobbying_SchoolUITests.swift */,
				45EB86711C4BF1FD00F18450 /* Info.plist */,
			);
			path = "Lobbying SchoolUITests";
			sourceTree = "<group>";
		};
/* End PBXGroup section */

/* Begin PBXNativeTarget section */
		45EB86491C4BF1FD00F18450 /* Lobbying School */ = {
			isa = PBXNativeTarget;
			buildConfigurationList = 45EB86741C4BF1FD00F18450 /* Build configuration list for PBXNativeTarget "Lobbying School" */;
			buildPhases = (
				45EB86461C4BF1FD00F18450 /* Sources */,
				45EB86471C4BF1FD00F18450 /* Frameworks */,
				45EB86481C4BF1FD00F18450 /* Resources */,
			);
			buildRules = (
			);
			dependencies = (
			);
			name = "Lobbying School";
			productName = "Lobbying School";
			productReference = 45EB864A1C4BF1FD00F18450 /* Lobbying School.app */;
			productType = "com.apple.product-type.application";
		};
		45EB865F1C4BF1FD00F18450 /* Lobbying SchoolTests */ = {
			isa = PBXNativeTarget;
			buildConfigurationList = 45EB86771C4BF1FD00F18450 /* Build configuration list for PBXNativeTarget "Lobbying SchoolTests" */;
			buildPhases = (
				45EB865C1C4BF1FD00F18450 /* Sources */,
				45EB865D1C4BF1FD00F18450 /* Frameworks */,
				45EB865E1C4BF1FD00F18450 /* Resources */,
			);
			buildRules = (
			);
			dependencies = (
				45EB86621C4BF1FD00F18450 /* PBXTargetDependency */,
			);
			name = "Lobbying SchoolTests";
			productName = "Lobbying SchoolTests";
			productReference = 45EB86601C4BF1FD00F18450 /* Lobbying SchoolTests.xctest */;
			productType = "com.apple.product-type.bundle.unit-test";
		};
		45EB866A1C4BF1FD00F18450 /* Lobbying SchoolUITests */ = {
			isa = PBXNativeTarget;
			buildConfigurationList = 45EB867A1C4BF1FD00F18450 /* Build configuration list for PBXNativeTarget "Lobbying SchoolUITests" */;
			buildPhases = (
				45EB86671C4BF1FD00F18450 /* Sources */,
				45EB86681C4BF1FD00F18450 /* Frameworks */,
				45EB86691C4BF1FD00F18450 /* Resources */,
			);
			buildRules = (
			);
			dependencies = (
				45EB866D1C4BF1FD00F18450 /* PBXTargetDependency */,
			);
			name = "Lobbying SchoolUITests";
			productName = "Lobbying SchoolUITests";
			productReference = 45EB866B1C4BF1FD00F18450 /* Lobbying SchoolUITests.xctest */;
			productType = "com.apple.product-type.bundle.ui-testing";
		};
/* End PBXNativeTarget section */

/* Begin PBXProject section */
		45EB86421C4BF1FD00F18450 /* Project object */ = {
			isa = PBXProject;
			attributes = {
				LastSwiftUpdateCheck = 0730;
				LastUpgradeCheck = 0730;
				ORGANIZATIONNAME = "Istanbul Leadership Institute";
				TargetAttributes = {
					45EB86491C4BF1FD00F18450 = {
						CreatedOnToolsVersion = 7.3;
					};
					45EB865F1C4BF1FD00F18450 = {
						CreatedOnToolsVersion = 7.3;
						TestTargetID = 45EB86491C4BF1FD00F18450;
					};
					45EB866A1C4BF1FD00F18450 = {
						CreatedOnToolsVersion = 7.3;
						TestTargetID = 45EB86491C4BF1FD00F18450;
					};
				};
			};
			buildConfigurationList = 45EB86451C4BF1FD00F18450 /* Build configuration list for PBXProject "Lobbying School" */;
			compatibilityVersion = "Xcode 3.2";
			developmentRegion = English;
			hasScannedForEncodings = 0;
			knownRegions = (
				en,
				Base,
			);
			mainGroup = 45EB86411C4BF1FD00F18450;
			productRefGroup = 45EB864B1C4BF1FD00F18450 /* Products */;
			projectDirPath = "";
			projectRoot = "";
			targets = (
				45EB86491C4BF1FD00F18450 /* Lobbying School */,
				45EB865F1C4BF1FD00F18450 /* Lobbying SchoolTests */,
				45EB866A1C4BF1FD00F18450 /* Lobbying SchoolUITests */,
			);
		};
/* End PBXProject section */

/* Begin PBXResourcesBuildPhase section */
		45EB86481C4BF1FD00F18450 /* Resources */ = {
			isa = PBXResourcesBuildPhase;
			buildActionMask = 2147483647;
			files = (
				45EB865A1C4BF1FD00F18450 /* LaunchScreen.storyboard in Resources */,
				45EB86571C4BF1FD00F18450 /* Assets.xcassets in Resources */,
				45EB86551C4BF1FD00F18450 /* Main.storyboard in Resources */,
			);
			runOnlyForDeploymentPostprocessing = 0;
		};
		45EB865E1C4BF1FD00F18450 /* Resources */ = {
			isa = PBXResourcesBuildPhase;
			buildActionMask = 2147483647;
			files = (
			);
			runOnlyForDeploymentPostprocessing = 0;
		};
		45EB86691C4BF1FD00F18450 /* Resources */ = {
			isa = PBXResourcesBuildPhase;
			buildActionMask = 2147483647;
			files = (
			);
			runOnlyForDeploymentPostprocessing = 0;
		};
/* End PBXResourcesBuildPhase section */

/* Begin PBXSourcesBuildPhase section */
		45EB86461C4BF1FD00F18450 /* Sources */ = {
			isa = PBXSourcesBuildPhase;
			buildActionMask = 2147483647;
			files = (
				45EB86521C4BF1FD00F18450 /* DetailViewController.swift in Sources */,
				45EB86501C4BF1FD00F18450 /* MasterViewController.swift in Sources */,
				45EB864E1C4BF1FD00F18450 /* AppDelegate.swift in Sources */,
			);
			runOnlyForDeploymentPostprocessing = 0;
		};
		45EB865C1C4BF1FD00F18450 /* Sources */ = {
			isa = PBXSourcesBuildPhase;
			buildActionMask = 2147483647;
			files = (
				45EB86651C4BF1FD00F18450 /* Lobbying_SchoolTests.swift in Sources */,
			);
			runOnlyForDeploymentPostprocessing = 0;
		};
		45EB86671C4BF1FD00F18450 /* Sources */ = {
			isa = PBXSourcesBuildPhase;
			buildActionMask = 2147483647;
			files = (
				45EB86701C4BF1FD00F18450 /* Lobbying_SchoolUITests.swift in Sources */,
			);
			runOnlyForDeploymentPostprocessing = 0;
		};
/* End PBXSourcesBuildPhase section */

/* Begin PBXTargetDependency section */
		45EB86621C4BF1FD00F18450 /* PBXTargetDependency */ = {
			isa = PBXTargetDependency;
			target = 45EB86491C4BF1FD00F18450 /* Lobbying School */;
			targetProxy = 45EB86611C4BF1FD00F18450 /* PBXContainerItemProxy */;
		};
		45EB866D1C4BF1FD00F18450 /* PBXTargetDependency */ = {
			isa = PBXTargetDependency;
			target = 45EB86491C4BF1FD00F18450 /* Lobbying School */;
			targetProxy = 45EB866C1C4BF1FD00F18450 /* PBXContainerItemProxy */;
		};
/* End PBXTargetDependency section */

/* Begin PBXVariantGroup section */
		45EB86531C4BF1FD00F18450 /* Main.storyboard */ = {
			isa = PBXVariantGroup;
			children = (
				45EB86541C4BF1FD00F18450 /* Base */,
			);
			name = Main.storyboard;
			sourceTree = "<group>";
		};
		45EB86581C4BF1FD00F18450 /* LaunchScreen.storyboard */ = {
			isa = PBXVariantGroup;
			children = (
				45EB86591C4BF1FD00F18450 /* Base */,
			);
			name = LaunchScreen.storyboard;
			sourceTree = "<group>";
		};
/* End PBXVariantGroup section */

/* Begin XCBuildConfiguration section */
		45EB86721C4BF1FD00F18450 /* Debug */ = {
			isa = XCBuildConfiguration;
			buildSettings = {
				ALWAYS_SEARCH_USER_PATHS = NO;
				CLANG_CXX_LANGUAGE_STANDARD = "gnu++0x";
				CLANG_CXX_LIBRARY = "libc++";
				CLANG_ENABLE_MODULES = YES;
				CLANG_ENABLE_OBJC_ARC = YES;
				CLANG_WARN_BOOL_CONVERSION = YES;
				CLANG_WARN_CONSTANT_CONVERSION = YES;
				CLANG_WARN_DIRECT_OBJC_ISA_USAGE = YES_ERROR;
				CLANG_WARN_EMPTY_BODY = YES;
				CLANG_WARN_ENUM_CONVERSION = YES;
				CLANG_WARN_INT_CONVERSION = YES;
				CLANG_WARN_OBJC_ROOT_CLASS = YES_ERROR;
				CLANG_WARN_UNREACHABLE_CODE = YES;
				CLANG_WARN__DUPLICATE_METHOD_MATCH = YES;
				"CODE_SIGN_IDENTITY[sdk=iphoneos*]" = "iPhone Developer";
				COPY_PHASE_STRIP = NO;
				DEBUG_INFORMATION_FORMAT = dwarf;
				ENABLE_STRICT_OBJC_MSGSEND = YES;
				ENABLE_TESTABILITY = YES;
				GCC_C_LANGUAGE_STANDARD = gnu99;
				GCC_DYNAMIC_NO_PIC = NO;
				GCC_NO_COMMON_BLOCKS = YES;
				GCC_OPTIMIZATION_LEVEL = 0;
				GCC_PREPROCESSOR_DEFINITIONS = (
					"DEBUG=1",
					"$(inherited)",
				);
				GCC_WARN_64_TO_32_BIT_CONVERSION = YES;
				GCC_WARN_ABOUT_RETURN_TYPE = YES_ERROR;
				GCC_WARN_UNDECLARED_SELECTOR = YES;
				GCC_WARN_UNINITIALIZED_AUTOS = YES_AGGRESSIVE;
				GCC_WARN_UNUSED_FUNCTION = YES;
				GCC_WARN_UNUSED_VARIABLE = YES;
				IPHONEOS_DEPLOYMENT_TARGET = 9.3;
				MTL_ENABLE_DEBUG_INFO = YES;
				ONLY_ACTIVE_ARCH = YES;
				SDKROOT = iphoneos;
				SWIFT_OPTIMIZATION_LEVEL = "-Onone";
			};
			name = Debug;
		};
		45EB86731C4BF1FD00F18450 /* Release */ = {
			isa = XCBuildConfiguration;
			buildSettings = {
				ALWAYS_SEARCH_USER_PATHS = NO;
				CLANG_CXX_LANGUAGE_STANDARD = "gnu++0x";
				CLANG_CXX_LIBRARY = "libc++";
				CLANG_ENABLE_MODULES = YES;
				CLANG_ENABLE_OBJC_ARC = YES;
				CLANG_WARN_BOOL_CONVERSION = YES;
				CLANG_WARN_CONSTANT_CONVERSION = YES;
				CLANG_WARN_DIRECT_OBJC_ISA_USAGE = YES_ERROR;
				CLANG_WARN_EMPTY_BODY = YES;
				CLANG_WARN_ENUM_CONVERSION = YES;
				CLANG_WARN_INT_CONVERSION = YES;
				CLANG_WARN_OBJC_ROOT_CLASS = YES_ERROR;
				CLANG_WARN_UNREACHABLE_CODE = YES;
				CLANG_WARN__DUPLICATE_METHOD_MATCH = YES;
				"CODE_SIGN_IDENTITY[sdk=iphoneos*]" = "iPhone Developer";
				COPY_PHASE_STRIP = NO;
				DEBUG_INFORMATION_FORMAT = "dwarf-with-dsym";
				ENABLE_NS_ASSERTIONS = NO;
				ENABLE_STRICT_OBJC_MSGSEND = YES;
				GCC_C_LANGUAGE_STANDARD = gnu99;
				GCC_NO_COMMON_BLOCKS = YES;
				GCC_WARN_64_TO_32_BIT_CONVERSION = YES;
				GCC_WARN_ABOUT_RETURN_TYPE = YES_ERROR;
				GCC_WARN_UNDECLARED_SELECTOR = YES;
				GCC_WARN_UNINITIALIZED_AUTOS = YES_AGGRESSIVE;
				GCC_WARN_UNUSED_FUNCTION = YES;
				GCC_WARN_UNUSED_VARIABLE = YES;
				IPHONEOS_DEPLOYMENT_TARGET = 9.3;
				MTL_ENABLE_DEBUG_INFO = NO;
				SDKROOT = iphoneos;
				VALIDATE_PRODUCT = YES;
			};
			name = Release;
		};
		45EB86751C4BF1FD00F18450 /* Debug */ = {
			isa = XCBuildConfiguration;
			buildSettings = {
				ASSETCATALOG_COMPILER_APPICON_NAME = AppIcon;
				INFOPLIST_FILE = "Lobbying School/Info.plist";
				LD_RUNPATH_SEARCH_PATHS = "$(inherited) @executable_path/Frameworks";
				PRODUCT_BUNDLE_IDENTIFIER = "com.mnapps.Lobbying-School";
				PRODUCT_NAME = "$(TARGET_NAME)";
			};
			name = Debug;
		};
		45EB86761C4BF1FD00F18450 /* Release */ = {
			isa = XCBuildConfiguration;
			buildSettings = {
				ASSETCATALOG_COMPILER_APPICON_NAME = AppIcon;
				INFOPLIST_FILE = "Lobbying School/Info.plist";
				LD_RUNPATH_SEARCH_PATHS = "$(inherited) @executable_path/Frameworks";
				PRODUCT_BUNDLE_IDENTIFIER = "com.mnapps.Lobbying-School";
				PRODUCT_NAME = "$(TARGET_NAME)";
			};
			name = Release;
		};
		45EB86781C4BF1FD00F18450 /* Debug */ = {
			isa = XCBuildConfiguration;
			buildSettings = {
				BUNDLE_LOADER = "$(TEST_HOST)";
				INFOPLIST_FILE = "Lobbying SchoolTests/Info.plist";
				LD_RUNPATH_SEARCH_PATHS = "$(inherited) @executable_path/Frameworks @loader_path/Frameworks";
				PRODUCT_BUNDLE_IDENTIFIER = "com.mnapps.Lobbying-SchoolTests";
				PRODUCT_NAME = "$(TARGET_NAME)";
				TEST_HOST = "$(BUILT_PRODUCTS_DIR)/Lobbying School.app/Lobbying School";
			};
			name = Debug;
		};
		45EB86791C4BF1FD00F18450 /* Release */ = {
			isa = XCBuildConfiguration;
			buildSettings = {
				BUNDLE_LOADER = "$(TEST_HOST)";
				INFOPLIST_FILE = "Lobbying SchoolTests/Info.plist";
				LD_RUNPATH_SEARCH_PATHS = "$(inherited) @executable_path/Frameworks @loader_path/Frameworks";
				PRODUCT_BUNDLE_IDENTIFIER = "com.mnapps.Lobbying-SchoolTests";
				PRODUCT_NAME = "$(TARGET_NAME)";
				TEST_HOST = "$(BUILT_PRODUCTS_DIR)/Lobbying School.app/Lobbying School";
			};
			name = Release;
		};
		45EB867B1C4BF1FD00F18450 /* Debug */ = {
			isa = XCBuildConfiguration;
			buildSettings = {
				INFOPLIST_FILE = "Lobbying SchoolUITests/Info.plist";
				LD_RUNPATH_SEARCH_PATHS = "$(inherited) @executable_path/Frameworks @loader_path/Frameworks";
				PRODUCT_BUNDLE_IDENTIFIER = "com.mnapps.Lobbying-SchoolUITests";
				PRODUCT_NAME = "$(TARGET_NAME)";
				TEST_TARGET_NAME = "Lobbying School";
			};
			name = Debug;
		};
		45EB867C1C4BF1FD00F18450 /* Release */ = {
			isa = XCBuildConfiguration;
			buildSettings = {
				INFOPLIST_FILE = "Lobbying SchoolUITests/Info.plist";
				LD_RUNPATH_SEARCH_PATHS = "$(inherited) @executable_path/Frameworks @loader_path/Frameworks";
				PRODUCT_BUNDLE_IDENTIFIER = "com.mnapps.Lobbying-SchoolUITests";
				PRODUCT_NAME = "$(TARGET_NAME)";
				TEST_TARGET_NAME = "Lobbying School";
			};
			name = Release;
		};
/* End XCBuildConfiguration section */

/* Begin XCConfigurationList section */
		45EB86451C4BF1FD00F18450 /* Build configuration list for PBXProject "Lobbying School" */ = {
			isa = XCConfigurationList;
			buildConfigurations = (
				45EB86721C4BF1FD00F18450 /* Debug */,
				45EB86731C4BF1FD00F18450 /* Release */,
			);
			defaultConfigurationIsVisible = 0;
			defaultConfigurationName = Release;
		};
		45EB86741C4BF1FD00F18450 /* Build configuration list for PBXNativeTarget "Lobbying School" */ = {
			isa = XCConfigurationList;
			buildConfigurations = (
				45EB86751C4BF1FD00F18450 /* Debug */,
				45EB86761C4BF1FD00F18450 /* Release */,
			);
			defaultConfigurationIsVisible = 0;
		};
		45EB86771C4BF1FD00F18450 /* Build configuration list for PBXNativeTarget "Lobbying SchoolTests" */ = {
			isa = XCConfigurationList;
			buildConfigurations = (
				45EB86781C4BF1FD00F18450 /* Debug */,
				45EB86791C4BF1FD00F18450 /* Release */,
			);
			defaultConfigurationIsVisible = 0;
		};
		45EB867A1C4BF1FD00F18450 /* Build configuration list for PBXNativeTarget "Lobbying SchoolUITests" */ = {
			isa = XCConfigurationList;
			buildConfigurations = (
				45EB867B1C4BF1FD00F18450 /* Debug */,
				45EB867C1C4BF1FD00F18450 /* Release */,
			);
			defaultConfigurationIsVisible = 0;
		};
/* End XCConfigurationList section */
	};
	rootObject = 45EB86421C4BF1FD00F18450 /* Project object */;
}
